
Microsoft Visual Studio Solution File, Format Version 12.00
# Visual Studio Version 17
VisualStudioVersion = 17.5.002.0
MinimumVisualStudioVersion = 10.0.40219.1
Project("{9A19103F-16F7-4668-BE54-9A1E7A4F7556}") = "DemoApp", "DemoApp\DemoApp.csproj", "{06679439-41E9-4CE3-99C4-A884D29C10CF}"
EndProject
Global
	GlobalSection(SolutionConfigurationPlatforms) = preSolution
		Debug|Any CPU = Debug|Any CPU
		Release|Any CPU = Release|Any CPU
	EndGlobalSection
	GlobalSection(ProjectConfigurationPlatforms) = postSolution
		{06679439-41E9-4CE3-99C4-A884D29C10CF}.Debug|Any CPU.ActiveCfg = Debug|Any CPU
		{06679439-41E9-4CE3-99C4-A884D29C10CF}.Debug|Any CPU.Build.0 = Debug|Any CPU
		{06679439-41E9-4CE3-99C4-A884D29C10CF}.Release|Any CPU.ActiveCfg = Release|Any CPU
		{06679439-41E9-4CE3-99C4-A884D29C10CF}.Release|Any CPU.Build.0 = Release|Any CPU
	EndGlobalSection
	GlobalSection(SolutionProperties) = preSolution
		HideSolutionNode = FALSE
	EndGlobalSection
	GlobalSection(ExtensibilityGlobals) = postSolution
		SolutionGuid = {85309AED-8215-4694-9BE1-4828F733731B}
	EndGlobalSection
EndGlobal
